
Microsoft Visual Studio Solution File, Format Version 12.00
# Visual Studio Version 17
VisualStudioVersion = 17.0.32112.339
MinimumVisualStudioVersion = 10.0.40219.1
Project("{FAE04EC0-301F-11D3-BF4B-00C04F79EFBC}") = "StammPhoenix.Web", "StammPhoenix.Web\StammPhoenix.Web.csproj", "{D7532E8B-3080-4817-8E6C-D8F9D0C9D405}"
EndProject
Project("{FAE04EC0-301F-11D3-BF4B-00C04F79EFBC}") = "StammPhoenix.Persistence", "StammPhoenix.Persistence\StammPhoenix.Persistence.csproj", "{DA16E0AD-2E01-4D7D-BFF0-BA454A0524B7}"
EndProject
Project("{FAE04EC0-301F-11D3-BF4B-00C04F79EFBC}") = "StammPhoenix.Test", "StammPhoenix.Test\StammPhoenix.Test.csproj", "{D1D4A511-B75F-46BB-902F-D3AED3C52133}"
EndProject
Project("{FAE04EC0-301F-11D3-BF4B-00C04F79EFBC}") = "StammPhoenix.Util", "StammPhoenix.Util\StammPhoenix.Util.csproj", "{8B7F29C8-0943-4D71-9486-91414CF4BDB0}"
EndProject
Project("{2150E333-8FDC-42A3-9474-1A3956D46DE8}") = "Solution Files", "Solution Files", "{9C6069E3-7839-49F9-B5BC-6D31C94947D0}"
	ProjectSection(SolutionItems) = preProject
		.dockerignore = .dockerignore
		.editorconfig = .editorconfig
		.gitignore = .gitignore
		Dockerfile = Dockerfile
	EndProjectSection
EndProject
Global
	GlobalSection(SolutionConfigurationPlatforms) = preSolution
		Debug|Any CPU = Debug|Any CPU
		Release|Any CPU = Release|Any CPU
	EndGlobalSection
	GlobalSection(ProjectConfigurationPlatforms) = postSolution
		{D7532E8B-3080-4817-8E6C-D8F9D0C9D405}.Debug|Any CPU.ActiveCfg = Debug|Any CPU
		{D7532E8B-3080-4817-8E6C-D8F9D0C9D405}.Debug|Any CPU.Build.0 = Debug|Any CPU
		{D7532E8B-3080-4817-8E6C-D8F9D0C9D405}.Release|Any CPU.ActiveCfg = Release|Any CPU
		{D7532E8B-3080-4817-8E6C-D8F9D0C9D405}.Release|Any CPU.Build.0 = Release|Any CPU
		{DA16E0AD-2E01-4D7D-BFF0-BA454A0524B7}.Debug|Any CPU.ActiveCfg = Debug|Any CPU
		{DA16E0AD-2E01-4D7D-BFF0-BA454A0524B7}.Debug|Any CPU.Build.0 = Debug|Any CPU
		{DA16E0AD-2E01-4D7D-BFF0-BA454A0524B7}.Release|Any CPU.ActiveCfg = Release|Any CPU
		{DA16E0AD-2E01-4D7D-BFF0-BA454A0524B7}.Release|Any CPU.Build.0 = Release|Any CPU
		{D1D4A511-B75F-46BB-902F-D3AED3C52133}.Debug|Any CPU.ActiveCfg = Debug|Any CPU
		{D1D4A511-B75F-46BB-902F-D3AED3C52133}.Debug|Any CPU.Build.0 = Debug|Any CPU
		{D1D4A511-B75F-46BB-902F-D3AED3C52133}.Release|Any CPU.ActiveCfg = Release|Any CPU
		{D1D4A511-B75F-46BB-902F-D3AED3C52133}.Release|Any CPU.Build.0 = Release|Any CPU
		{8B7F29C8-0943-4D71-9486-91414CF4BDB0}.Debug|Any CPU.ActiveCfg = Debug|Any CPU
		{8B7F29C8-0943-4D71-9486-91414CF4BDB0}.Debug|Any CPU.Build.0 = Debug|Any CPU
		{8B7F29C8-0943-4D71-9486-91414CF4BDB0}.Release|Any CPU.ActiveCfg = Release|Any CPU
		{8B7F29C8-0943-4D71-9486-91414CF4BDB0}.Release|Any CPU.Build.0 = Release|Any CPU
	EndGlobalSection
	GlobalSection(SolutionProperties) = preSolution
		HideSolutionNode = FALSE
	EndGlobalSection
	GlobalSection(ExtensibilityGlobals) = postSolution
		SolutionGuid = {7E254509-D6E1-459A-85B6-827CA80214D7}
	EndGlobalSection
EndGlobal
